
Microsoft Visual Studio Solution File, Format Version 12.00
# Visual Studio Version 16
VisualStudioVersion = 16.0.28407.52
MinimumVisualStudioVersion = 10.0.40219.1
Project("{2150E333-8FDC-42A3-9474-1A3956D46DE8}") = "Src", "Src", "{2D4DEBDD-BE53-46B1-BD18-D1DDE3DDA675}"
EndProject
Project("{2150E333-8FDC-42A3-9474-1A3956D46DE8}") = "Common", "Common", "{285B6830-6C68-42AA-A7DE-C25E2506234F}"
EndProject
Project("{2150E333-8FDC-42A3-9474-1A3956D46DE8}") = "Docs", "Docs", "{76B05BC4-5CCC-49F3-851A-903B6E92B542}"
	ProjectSection(SolutionItems) = preProject
		README.md = README.md
	EndProjectSection
EndProject
Project("{2150E333-8FDC-42A3-9474-1A3956D46DE8}") = "Tests", "Tests", "{A1C76422-C6F8-417A-BC94-43F8E503AA12}"
EndProject
Project("{2150E333-8FDC-42A3-9474-1A3956D46DE8}") = "Core", "Core", "{F5F25785-4269-4051-85AA-4F6A754EB079}"
EndProject
Project("{2150E333-8FDC-42A3-9474-1A3956D46DE8}") = "Infrastructure", "Infrastructure", "{3C524589-3444-4493-AD88-C3CD6A9DCB3B}"
EndProject
Project("{2150E333-8FDC-42A3-9474-1A3956D46DE8}") = "Presentation", "Presentation", "{687F225E-61EC-4DB8-AF31-05396138358C}"
EndProject
Project("{9A19103F-16F7-4668-BE54-9A1E7A4F7556}") = "Honoplay.Common", "src\Honoplay.Common\Honoplay.Common.csproj", "{06D80DF7-F616-4662-9646-B47E4756C34E}"
EndProject
Project("{9A19103F-16F7-4668-BE54-9A1E7A4F7556}") = "Honoplay.Application", "src\Honoplay.Application\Honoplay.Application.csproj", "{2974CFC0-1645-408A-BEB1-10F743711DD0}"
EndProject
Project("{9A19103F-16F7-4668-BE54-9A1E7A4F7556}") = "Honoplay.Domain", "src\Honoplay.Domain\Honoplay.Domain.csproj", "{E251DCF5-F474-42BC-956E-9BF1ED3BA138}"
EndProject
Project("{9A19103F-16F7-4668-BE54-9A1E7A4F7556}") = "Honoplay.Persistence", "src\Honoplay.Persistence\Honoplay.Persistence.csproj", "{3251A13B-8CC1-488C-958F-BBD4073E8C9D}"
EndProject
Project("{9A19103F-16F7-4668-BE54-9A1E7A4F7556}") = "Honoplay.AdminWebAPI", "src\Honoplay.AdminWebAPI\Honoplay.AdminWebAPI.csproj", "{7941DCB2-87B5-4BF3-9BFB-EA4D65515575}"
EndProject
Project("{9092AA53-FB77-4645-B42D-1CCCA6BD08BD}") = "Honoplay.AdminWebUI", "src\Honoplay.AdminWebUI\Honoplay.AdminWebUI.njsproj", "{7343F152-1865-4D5A-87FD-85B16CCC67FA}"
EndProject
Project("{9A19103F-16F7-4668-BE54-9A1E7A4F7556}") = "Honoplay.Application.Tests", "tests\Honoplay.Application.Tests\Honoplay.Application.Tests.csproj", "{B597716F-5571-4F44-B645-FAA24A225DC2}"
EndProject
Project("{9A19103F-16F7-4668-BE54-9A1E7A4F7556}") = "Honoplay.Common.Tests", "tests\Honoplay.Common.Tests\Honoplay.Common.Tests.csproj", "{48032665-47E2-4769-963B-5EC583DB3491}"
EndProject
Project("{9A19103F-16F7-4668-BE54-9A1E7A4F7556}") = "Honoplay.System.Tests", "tests\Honoplay.System.Tests\Honoplay.System.Tests.csproj", "{8E1FA795-D3CF-4C4D-89D5-A9F14F6DCF51}"
EndProject
Project("{9A19103F-16F7-4668-BE54-9A1E7A4F7556}") = "Honoplay.FluentValidatorJavascript.Tests", "tests\Honoplay.FluentValidatorJavascript.Tests\Honoplay.FluentValidatorJavascript.Tests.csproj", "{729C22D7-4619-434D-90AC-F692AE7775C4}"
EndProject
Project("{9A19103F-16F7-4668-BE54-9A1E7A4F7556}") = "Honoplay.FluentValidatorJavascript", "src\Honoplay.FluentValidatorJavascript\Honoplay.FluentValidatorJavascript.csproj", "{0072CCD4-8111-4E8C-8AFB-1C3F4C82DF64}"
EndProject
Project("{9092AA53-FB77-4645-B42D-1CCCA6BD08BD}") = "Honoplay.TrainerUI", "Honoplay.TrainerUI\Honoplay.TrainerUI.njsproj", "{1258415C-245F-46E1-B323-13336AF58C0A}"
EndProject
Project("{FAE04EC0-301F-11D3-BF4B-00C04F79EFBC}") = "Honoplay.TrainerWebAPI", "src\Honoplay.TrainerWebAPI\Honoplay.TrainerWebAPI.csproj", "{BC109D9B-131F-4052-8A09-859DF53B94D1}"
EndProject
Global
	GlobalSection(SolutionConfigurationPlatforms) = preSolution
		Debug|Any CPU = Debug|Any CPU
		Release|Any CPU = Release|Any CPU
	EndGlobalSection
	GlobalSection(ProjectConfigurationPlatforms) = postSolution
		{06D80DF7-F616-4662-9646-B47E4756C34E}.Debug|Any CPU.ActiveCfg = Debug|Any CPU
		{06D80DF7-F616-4662-9646-B47E4756C34E}.Debug|Any CPU.Build.0 = Debug|Any CPU
		{06D80DF7-F616-4662-9646-B47E4756C34E}.Release|Any CPU.ActiveCfg = Release|Any CPU
		{06D80DF7-F616-4662-9646-B47E4756C34E}.Release|Any CPU.Build.0 = Release|Any CPU
		{2974CFC0-1645-408A-BEB1-10F743711DD0}.Debug|Any CPU.ActiveCfg = Debug|Any CPU
		{2974CFC0-1645-408A-BEB1-10F743711DD0}.Debug|Any CPU.Build.0 = Debug|Any CPU
		{2974CFC0-1645-408A-BEB1-10F743711DD0}.Release|Any CPU.ActiveCfg = Release|Any CPU
		{2974CFC0-1645-408A-BEB1-10F743711DD0}.Release|Any CPU.Build.0 = Release|Any CPU
		{E251DCF5-F474-42BC-956E-9BF1ED3BA138}.Debug|Any CPU.ActiveCfg = Debug|Any CPU
		{E251DCF5-F474-42BC-956E-9BF1ED3BA138}.Debug|Any CPU.Build.0 = Debug|Any CPU
		{E251DCF5-F474-42BC-956E-9BF1ED3BA138}.Release|Any CPU.ActiveCfg = Release|Any CPU
		{E251DCF5-F474-42BC-956E-9BF1ED3BA138}.Release|Any CPU.Build.0 = Release|Any CPU
		{3251A13B-8CC1-488C-958F-BBD4073E8C9D}.Debug|Any CPU.ActiveCfg = Debug|Any CPU
		{3251A13B-8CC1-488C-958F-BBD4073E8C9D}.Debug|Any CPU.Build.0 = Debug|Any CPU
		{3251A13B-8CC1-488C-958F-BBD4073E8C9D}.Release|Any CPU.ActiveCfg = Release|Any CPU
		{3251A13B-8CC1-488C-958F-BBD4073E8C9D}.Release|Any CPU.Build.0 = Release|Any CPU
		{7941DCB2-87B5-4BF3-9BFB-EA4D65515575}.Debug|Any CPU.ActiveCfg = Debug|Any CPU
		{7941DCB2-87B5-4BF3-9BFB-EA4D65515575}.Debug|Any CPU.Build.0 = Debug|Any CPU
		{7941DCB2-87B5-4BF3-9BFB-EA4D65515575}.Release|Any CPU.ActiveCfg = Release|Any CPU
		{7941DCB2-87B5-4BF3-9BFB-EA4D65515575}.Release|Any CPU.Build.0 = Release|Any CPU
		{7343F152-1865-4D5A-87FD-85B16CCC67FA}.Debug|Any CPU.ActiveCfg = Debug|Any CPU
		{7343F152-1865-4D5A-87FD-85B16CCC67FA}.Debug|Any CPU.Build.0 = Debug|Any CPU
		{7343F152-1865-4D5A-87FD-85B16CCC67FA}.Release|Any CPU.ActiveCfg = Release|Any CPU
		{7343F152-1865-4D5A-87FD-85B16CCC67FA}.Release|Any CPU.Build.0 = Release|Any CPU
		{B597716F-5571-4F44-B645-FAA24A225DC2}.Debug|Any CPU.ActiveCfg = Debug|Any CPU
		{B597716F-5571-4F44-B645-FAA24A225DC2}.Debug|Any CPU.Build.0 = Debug|Any CPU
		{B597716F-5571-4F44-B645-FAA24A225DC2}.Release|Any CPU.ActiveCfg = Release|Any CPU
		{B597716F-5571-4F44-B645-FAA24A225DC2}.Release|Any CPU.Build.0 = Release|Any CPU
		{48032665-47E2-4769-963B-5EC583DB3491}.Debug|Any CPU.ActiveCfg = Debug|Any CPU
		{48032665-47E2-4769-963B-5EC583DB3491}.Debug|Any CPU.Build.0 = Debug|Any CPU
		{48032665-47E2-4769-963B-5EC583DB3491}.Release|Any CPU.ActiveCfg = Release|Any CPU
		{48032665-47E2-4769-963B-5EC583DB3491}.Release|Any CPU.Build.0 = Release|Any CPU
		{8E1FA795-D3CF-4C4D-89D5-A9F14F6DCF51}.Debug|Any CPU.ActiveCfg = Debug|Any CPU
		{8E1FA795-D3CF-4C4D-89D5-A9F14F6DCF51}.Debug|Any CPU.Build.0 = Debug|Any CPU
		{8E1FA795-D3CF-4C4D-89D5-A9F14F6DCF51}.Release|Any CPU.ActiveCfg = Release|Any CPU
		{8E1FA795-D3CF-4C4D-89D5-A9F14F6DCF51}.Release|Any CPU.Build.0 = Release|Any CPU
		{729C22D7-4619-434D-90AC-F692AE7775C4}.Debug|Any CPU.ActiveCfg = Debug|Any CPU
		{729C22D7-4619-434D-90AC-F692AE7775C4}.Debug|Any CPU.Build.0 = Debug|Any CPU
		{729C22D7-4619-434D-90AC-F692AE7775C4}.Release|Any CPU.ActiveCfg = Release|Any CPU
		{729C22D7-4619-434D-90AC-F692AE7775C4}.Release|Any CPU.Build.0 = Release|Any CPU
		{0072CCD4-8111-4E8C-8AFB-1C3F4C82DF64}.Debug|Any CPU.ActiveCfg = Debug|Any CPU
		{0072CCD4-8111-4E8C-8AFB-1C3F4C82DF64}.Debug|Any CPU.Build.0 = Debug|Any CPU
		{0072CCD4-8111-4E8C-8AFB-1C3F4C82DF64}.Release|Any CPU.ActiveCfg = Release|Any CPU
		{0072CCD4-8111-4E8C-8AFB-1C3F4C82DF64}.Release|Any CPU.Build.0 = Release|Any CPU
		{1258415C-245F-46E1-B323-13336AF58C0A}.Debug|Any CPU.ActiveCfg = Debug|Any CPU
		{1258415C-245F-46E1-B323-13336AF58C0A}.Debug|Any CPU.Build.0 = Debug|Any CPU
		{1258415C-245F-46E1-B323-13336AF58C0A}.Release|Any CPU.ActiveCfg = Release|Any CPU
		{1258415C-245F-46E1-B323-13336AF58C0A}.Release|Any CPU.Build.0 = Release|Any CPU
		{BC109D9B-131F-4052-8A09-859DF53B94D1}.Debug|Any CPU.ActiveCfg = Debug|Any CPU
		{BC109D9B-131F-4052-8A09-859DF53B94D1}.Debug|Any CPU.Build.0 = Debug|Any CPU
		{BC109D9B-131F-4052-8A09-859DF53B94D1}.Release|Any CPU.ActiveCfg = Release|Any CPU
		{BC109D9B-131F-4052-8A09-859DF53B94D1}.Release|Any CPU.Build.0 = Release|Any CPU
	EndGlobalSection
	GlobalSection(SolutionProperties) = preSolution
		HideSolutionNode = FALSE
	EndGlobalSection
	GlobalSection(NestedProjects) = preSolution
		{285B6830-6C68-42AA-A7DE-C25E2506234F} = {2D4DEBDD-BE53-46B1-BD18-D1DDE3DDA675}
		{F5F25785-4269-4051-85AA-4F6A754EB079} = {2D4DEBDD-BE53-46B1-BD18-D1DDE3DDA675}
		{3C524589-3444-4493-AD88-C3CD6A9DCB3B} = {2D4DEBDD-BE53-46B1-BD18-D1DDE3DDA675}
		{687F225E-61EC-4DB8-AF31-05396138358C} = {2D4DEBDD-BE53-46B1-BD18-D1DDE3DDA675}
		{06D80DF7-F616-4662-9646-B47E4756C34E} = {285B6830-6C68-42AA-A7DE-C25E2506234F}
		{2974CFC0-1645-408A-BEB1-10F743711DD0} = {F5F25785-4269-4051-85AA-4F6A754EB079}
		{E251DCF5-F474-42BC-956E-9BF1ED3BA138} = {F5F25785-4269-4051-85AA-4F6A754EB079}
		{3251A13B-8CC1-488C-958F-BBD4073E8C9D} = {3C524589-3444-4493-AD88-C3CD6A9DCB3B}
		{7941DCB2-87B5-4BF3-9BFB-EA4D65515575} = {687F225E-61EC-4DB8-AF31-05396138358C}
		{7343F152-1865-4D5A-87FD-85B16CCC67FA} = {687F225E-61EC-4DB8-AF31-05396138358C}
		{B597716F-5571-4F44-B645-FAA24A225DC2} = {A1C76422-C6F8-417A-BC94-43F8E503AA12}
		{48032665-47E2-4769-963B-5EC583DB3491} = {A1C76422-C6F8-417A-BC94-43F8E503AA12}
		{8E1FA795-D3CF-4C4D-89D5-A9F14F6DCF51} = {A1C76422-C6F8-417A-BC94-43F8E503AA12}
		{729C22D7-4619-434D-90AC-F692AE7775C4} = {A1C76422-C6F8-417A-BC94-43F8E503AA12}
		{0072CCD4-8111-4E8C-8AFB-1C3F4C82DF64} = {3C524589-3444-4493-AD88-C3CD6A9DCB3B}
		{1258415C-245F-46E1-B323-13336AF58C0A} = {687F225E-61EC-4DB8-AF31-05396138358C}
		{BC109D9B-131F-4052-8A09-859DF53B94D1} = {687F225E-61EC-4DB8-AF31-05396138358C}
	EndGlobalSection
	GlobalSection(ExtensibilityGlobals) = postSolution
		SolutionGuid = {D314710A-BD01-4670-B5E7-0441DE5551C6}
	EndGlobalSection
EndGlobal
