
Microsoft Visual Studio Solution File, Format Version 12.00
# Visual Studio Version 16
VisualStudioVersion = 16.0.28407.52
MinimumVisualStudioVersion = 10.0.40219.1
Project("{9A19103F-16F7-4668-BE54-9A1E7A4F7556}") = "AdminService", "AdminService\AdminService.csproj", "{06FCDBEB-7D0D-4150-998B-E70FE4002839}"
EndProject
Project("{9092AA53-FB77-4645-B42D-1CCCA6BD08BD}") = "AdminFrontEnd", "AdminFrontEnd\AdminFrontEnd.njsproj", "{7343F152-1865-4D5A-87FD-85B16CCC67FA}"
EndProject
Global
	GlobalSection(SolutionConfigurationPlatforms) = preSolution
		Debug|Any CPU = Debug|Any CPU
		Release|Any CPU = Release|Any CPU
	EndGlobalSection
	GlobalSection(ProjectConfigurationPlatforms) = postSolution
		{06FCDBEB-7D0D-4150-998B-E70FE4002839}.Debug|Any CPU.ActiveCfg = Debug|Any CPU
		{06FCDBEB-7D0D-4150-998B-E70FE4002839}.Debug|Any CPU.Build.0 = Debug|Any CPU
		{06FCDBEB-7D0D-4150-998B-E70FE4002839}.Release|Any CPU.ActiveCfg = Release|Any CPU
		{06FCDBEB-7D0D-4150-998B-E70FE4002839}.Release|Any CPU.Build.0 = Release|Any CPU
		{7343F152-1865-4D5A-87FD-85B16CCC67FA}.Debug|Any CPU.ActiveCfg = Debug|Any CPU
		{7343F152-1865-4D5A-87FD-85B16CCC67FA}.Debug|Any CPU.Build.0 = Debug|Any CPU
		{7343F152-1865-4D5A-87FD-85B16CCC67FA}.Release|Any CPU.ActiveCfg = Release|Any CPU
		{7343F152-1865-4D5A-87FD-85B16CCC67FA}.Release|Any CPU.Build.0 = Release|Any CPU
	EndGlobalSection
	GlobalSection(SolutionProperties) = preSolution
		HideSolutionNode = FALSE
	EndGlobalSection
	GlobalSection(ExtensibilityGlobals) = postSolution
		SolutionGuid = {D314710A-BD01-4670-B5E7-0441DE5551C6}
	EndGlobalSection
EndGlobal
